
Microsoft Visual Studio Solution File, Format Version 12.00
# Visual Studio Version 16
VisualStudioVersion = 16.0.33130.400
MinimumVisualStudioVersion = 10.0.40219.1
Project("{FAE04EC0-301F-11D3-BF4B-00C04F79EFBC}") = "DeckOfCards", "DeckOfCards\DeckOfCards.csproj", "{04925499-C126-4E8E-AB3B-C2A916BEB4BB}"
EndProject
Global
	GlobalSection(SolutionConfigurationPlatforms) = preSolution
		Debug|Any CPU = Debug|Any CPU
		Release|Any CPU = Release|Any CPU
	EndGlobalSection
	GlobalSection(ProjectConfigurationPlatforms) = postSolution
		{04925499-C126-4E8E-AB3B-C2A916BEB4BB}.Debug|Any CPU.ActiveCfg = Debug|Any CPU
		{04925499-C126-4E8E-AB3B-C2A916BEB4BB}.Debug|Any CPU.Build.0 = Debug|Any CPU
		{04925499-C126-4E8E-AB3B-C2A916BEB4BB}.Release|Any CPU.ActiveCfg = Release|Any CPU
		{04925499-C126-4E8E-AB3B-C2A916BEB4BB}.Release|Any CPU.Build.0 = Release|Any CPU
	EndGlobalSection
	GlobalSection(SolutionProperties) = preSolution
		HideSolutionNode = FALSE
	EndGlobalSection
	GlobalSection(ExtensibilityGlobals) = postSolution
		SolutionGuid = {D6E9EBA3-9B45-4381-8676-0C9A17485C73}
	EndGlobalSection
EndGlobal
